// !$*UTF8*$!
{
	archiveVersion = 1;
	classes = {
	};
	objectVersion = 60;
	objects = {

/* Begin PBXBuildFile section */
		1A0000012C6D100100000001 /* NextPATCOTrainApp.swift in Sources */ = {isa = PBXBuildFile; fileRef = 1A0000022C6D100100000001 /* NextPATCOTrainApp.swift */; };
		1A0000032C6D100100000001 /* ContentView.swift in Sources */ = {isa = PBXBuildFile; fileRef = 1A0000042C6D100100000001 /* ContentView.swift */; };
		1A0000052C6D100100000001 /* PATCOModels.swift in Sources */ = {isa = PBXBuildFile; fileRef = 1A0000062C6D100100000001 /* PATCOModels.swift */; };
		1A0000072C6D100100000001 /* LocationProvider.swift in Sources */ = {isa = PBXBuildFile; fileRef = 1A0000082C6D100100000001 /* LocationProvider.swift */; };
		1A0000092C6D100100000001 /* Assets.xcassets in Resources */ = {isa = PBXBuildFile; fileRef = 1A00000A2C6D100100000001 /* Assets.xcassets */; };
		1A00000B2C6D100100000001 /* Resources/patco_schedule.json in Resources */ = {isa = PBXBuildFile; fileRef = 1A00000C2C6D100100000001 /* Resources/patco_schedule.json */; };
		1A00001C2C6D100100000001 /* PATCOAlertProvider.swift in Sources */ = {isa = PBXBuildFile; fileRef = 1A00001D2C6D100100000001 /* PATCOAlertProvider.swift */; };
		1A0000202C6D100100000001 /* NextPATCOTrainWidget.swift in Sources */ = {isa = PBXBuildFile; fileRef = 1A0000212C6D100100000001 /* NextPATCOTrainWidget.swift */; };
		1A0000222C6D100100000001 /* PATCOModels.swift in Sources */ = {isa = PBXBuildFile; fileRef = 1A0000062C6D100100000001 /* PATCOModels.swift */; };
		1A0000232C6D100100000001 /* Assets.xcassets in Resources */ = {isa = PBXBuildFile; fileRef = 1A0000242C6D100100000001 /* Assets.xcassets */; };
		1A0000252C6D100100000001 /* Resources/patco_schedule.json in Resources */ = {isa = PBXBuildFile; fileRef = 1A00000C2C6D100100000001 /* Resources/patco_schedule.json */; };
		1A0000262C6D100100000001 /* NextPATCOTrainWidget.appex in Embed Foundation Extensions */ = {isa = PBXBuildFile; fileRef = 1A0000272C6D100100000001 /* NextPATCOTrainWidget.appex */; settings = {ATTRIBUTES = (RemoveHeadersOnCopy, ); }; };
		1A0000352C6D100100000001 /* PATCOSpecialScheduleProvider.swift in Sources */ = {isa = PBXBuildFile; fileRef = 1A0000342C6D100100000001 /* PATCOSpecialScheduleProvider.swift */; };
		1A0000362C6D100100000001 /* PATCOSpecialScheduleProvider.swift in Sources */ = {isa = PBXBuildFile; fileRef = 1A0000342C6D100100000001 /* PATCOSpecialScheduleProvider.swift */; };
		1A0000372C6D100100000001 /* PATCOTripActivityAttributes.swift in Sources */ = {isa = PBXBuildFile; fileRef = 1A0000392C6D100100000001 /* PATCOTripActivityAttributes.swift */; };
		1A0000382C6D100100000001 /* PATCOTripActivityAttributes.swift in Sources */ = {isa = PBXBuildFile; fileRef = 1A0000392C6D100100000001 /* PATCOTripActivityAttributes.swift */; };
		1A00003A2C6D100100000001 /* PATCOAppIntents.swift in Sources */ = {isa = PBXBuildFile; fileRef = 1A00003B2C6D100100000001 /* PATCOAppIntents.swift */; };
		1A0000402C6D100100000001 /* PATCOGTFSUpdateService.swift in Sources */ = {isa = PBXBuildFile; fileRef = 1A0000412C6D100100000001 /* PATCOGTFSUpdateService.swift */; };
		1A0000422C6D100100000001 /* ZIPFoundation in Frameworks */ = {isa = PBXBuildFile; productRef = 1A0000432C6D100100000001 /* ZIPFoundation */; };
/* End PBXBuildFile section */

/* Begin PBXContainerItemProxy section */
		1A0000282C6D100100000001 /* PBXContainerItemProxy */ = {
			isa = PBXContainerItemProxy;
			containerPortal = 1A0000162C6D100100000001 /* Project object */;
			proxyType = 1;
			remoteGlobalIDString = 1A0000292C6D100100000001;
			remoteInfo = NextPATCOTrainWidget;
		};
/* End PBXContainerItemProxy section */

/* Begin PBXCopyFilesBuildPhase section */
		1A00002A2C6D100100000001 /* Embed Foundation Extensions */ = {
			isa = PBXCopyFilesBuildPhase;
			buildActionMask = 2147483647;
			dstPath = "";
			dstSubfolderSpec = 13;
			files = (
				1A0000262C6D100100000001 /* NextPATCOTrainWidget.appex in Embed Foundation Extensions */,
			);
			name = "Embed Foundation Extensions";
			runOnlyForDeploymentPostprocessing = 0;
		};
/* End PBXCopyFilesBuildPhase section */

/* Begin PBXFileReference section */
		1A0000022C6D100100000001 /* NextPATCOTrainApp.swift */ = {isa = PBXFileReference; lastKnownFileType = sourcecode.swift; path = NextPATCOTrainApp.swift; sourceTree = "<group>"; };
		1A0000042C6D100100000001 /* ContentView.swift */ = {isa = PBXFileReference; lastKnownFileType = sourcecode.swift; path = ContentView.swift; sourceTree = "<group>"; };
		1A0000062C6D100100000001 /* PATCOModels.swift */ = {isa = PBXFileReference; lastKnownFileType = sourcecode.swift; path = PATCOModels.swift; sourceTree = "<group>"; };
		1A0000082C6D100100000001 /* LocationProvider.swift */ = {isa = PBXFileReference; lastKnownFileType = sourcecode.swift; path = LocationProvider.swift; sourceTree = "<group>"; };
		1A00000A2C6D100100000001 /* Assets.xcassets */ = {isa = PBXFileReference; lastKnownFileType = folder.assetcatalog; path = Assets.xcassets; sourceTree = "<group>"; };
		1A00000C2C6D100100000001 /* Resources/patco_schedule.json */ = {isa = PBXFileReference; lastKnownFileType = text.json; path = Resources/patco_schedule.json; sourceTree = "<group>"; };
		1A00000D2C6D100100000001 /* NextPATCOTrain.app */ = {isa = PBXFileReference; explicitFileType = wrapper.application; includeInIndex = 0; path = NextPATCOTrain.app; sourceTree = BUILT_PRODUCTS_DIR; };
		1A00001D2C6D100100000001 /* PATCOAlertProvider.swift */ = {isa = PBXFileReference; lastKnownFileType = sourcecode.swift; path = PATCOAlertProvider.swift; sourceTree = "<group>"; };
		1A0000212C6D100100000001 /* NextPATCOTrainWidget.swift */ = {isa = PBXFileReference; lastKnownFileType = sourcecode.swift; path = NextPATCOTrainWidget.swift; sourceTree = "<group>"; };
		1A0000242C6D100100000001 /* Assets.xcassets */ = {isa = PBXFileReference; lastKnownFileType = folder.assetcatalog; path = Assets.xcassets; sourceTree = "<group>"; };
		1A0000272C6D100100000001 /* NextPATCOTrainWidget.appex */ = {isa = PBXFileReference; explicitFileType = "wrapper.app-extension"; includeInIndex = 0; path = NextPATCOTrainWidget.appex; sourceTree = BUILT_PRODUCTS_DIR; };
		1A00002B2C6D100100000001 /* Info.plist */ = {isa = PBXFileReference; lastKnownFileType = text.plist.xml; path = Info.plist; sourceTree = "<group>"; };
		1A0000342C6D100100000001 /* PATCOSpecialScheduleProvider.swift */ = {isa = PBXFileReference; lastKnownFileType = sourcecode.swift; path = PATCOSpecialScheduleProvider.swift; sourceTree = "<group>"; };
		1A0000392C6D100100000001 /* PATCOTripActivityAttributes.swift */ = {isa = PBXFileReference; lastKnownFileType = sourcecode.swift; path = PATCOTripActivityAttributes.swift; sourceTree = "<group>"; };
		1A00003B2C6D100100000001 /* PATCOAppIntents.swift */ = {isa = PBXFileReference; lastKnownFileType = sourcecode.swift; path = PATCOAppIntents.swift; sourceTree = "<group>"; };
		1A00003E2C6D100100000001 /* Info.plist */ = {isa = PBXFileReference; lastKnownFileType = text.plist.xml; path = Info.plist; sourceTree = "<group>"; };
		1A0000412C6D100100000001 /* PATCOGTFSUpdateService.swift */ = {isa = PBXFileReference; lastKnownFileType = sourcecode.swift; path = PATCOGTFSUpdateService.swift; sourceTree = "<group>"; };
/* End PBXFileReference section */

/* Begin PBXFrameworksBuildPhase section */
		1A00000E2C6D100100000001 /* Frameworks */ = {
			isa = PBXFrameworksBuildPhase;
			buildActionMask = 2147483647;
			files = (
				1A0000422C6D100100000001 /* ZIPFoundation in Frameworks */,
			);
			runOnlyForDeploymentPostprocessing = 0;
		};
		1A00002C2C6D100100000001 /* Frameworks */ = {
			isa = PBXFrameworksBuildPhase;
			buildActionMask = 2147483647;
			files = (
			);
			runOnlyForDeploymentPostprocessing = 0;
		};
/* End PBXFrameworksBuildPhase section */

/* Begin PBXGroup section */
		1A00000F2C6D100100000001 = {
			isa = PBXGroup;
			children = (
				1A0000102C6D100100000001 /* NextPATCOTrain */,
				1A00002D2C6D100100000001 /* NextPATCOTrainWidget */,
				1A0000112C6D100100000001 /* Products */,
			);
			sourceTree = "<group>";
		};
		1A0000102C6D100100000001 /* NextPATCOTrain */ = {
			isa = PBXGroup;
			children = (
				1A0000022C6D100100000001 /* NextPATCOTrainApp.swift */,
				1A0000042C6D100100000001 /* ContentView.swift */,
				1A0000062C6D100100000001 /* PATCOModels.swift */,
				1A0000082C6D100100000001 /* LocationProvider.swift */,
				1A00001D2C6D100100000001 /* PATCOAlertProvider.swift */,
				1A0000342C6D100100000001 /* PATCOSpecialScheduleProvider.swift */,
				1A0000392C6D100100000001 /* PATCOTripActivityAttributes.swift */,
				1A00003B2C6D100100000001 /* PATCOAppIntents.swift */,
				1A0000412C6D100100000001 /* PATCOGTFSUpdateService.swift */,
				1A00003E2C6D100100000001 /* Info.plist */,
				1A00000A2C6D100100000001 /* Assets.xcassets */,
				1A00000C2C6D100100000001 /* Resources/patco_schedule.json */,
			);
			path = NextPATCOTrain;
			sourceTree = "<group>";
		};
		1A0000112C6D100100000001 /* Products */ = {
			isa = PBXGroup;
			children = (
				1A00000D2C6D100100000001 /* NextPATCOTrain.app */,
				1A0000272C6D100100000001 /* NextPATCOTrainWidget.appex */,
			);
			name = Products;
			sourceTree = "<group>";
		};
		1A00002D2C6D100100000001 /* NextPATCOTrainWidget */ = {
			isa = PBXGroup;
			children = (
				1A0000212C6D100100000001 /* NextPATCOTrainWidget.swift */,
				1A00002B2C6D100100000001 /* Info.plist */,
				1A0000242C6D100100000001 /* Assets.xcassets */,
			);
			path = NextPATCOTrainWidget;
			sourceTree = "<group>";
		};
/* End PBXGroup section */

/* Begin PBXNativeTarget section */
		1A0000122C6D100100000001 /* NextPATCOTrain */ = {
			isa = PBXNativeTarget;
			buildConfigurationList = 1A0000132C6D100100000001 /* Build configuration list for PBXNativeTarget "NextPATCOTrain" */;
			buildPhases = (
				1A0000142C6D100100000001 /* Sources */,
				1A00000E2C6D100100000001 /* Frameworks */,
				1A0000152C6D100100000001 /* Resources */,
				1A00002A2C6D100100000001 /* Embed Foundation Extensions */,
			);
			buildRules = (
			);
			dependencies = (
				1A00002E2C6D100100000001 /* PBXTargetDependency */,
			);
			name = NextPATCOTrain;
			packageProductDependencies = (
				1A0000432C6D100100000001 /* ZIPFoundation */,
			);
			productName = NextPATCOTrain;
			productReference = 1A00000D2C6D100100000001 /* NextPATCOTrain.app */;
			productType = "com.apple.product-type.application";
		};
		1A0000292C6D100100000001 /* NextPATCOTrainWidget */ = {
			isa = PBXNativeTarget;
			buildConfigurationList = 1A00002F2C6D100100000001 /* Build configuration list for PBXNativeTarget "NextPATCOTrainWidget" */;
			buildPhases = (
				1A0000302C6D100100000001 /* Sources */,
				1A00002C2C6D100100000001 /* Frameworks */,
				1A0000312C6D100100000001 /* Resources */,
			);
			buildRules = (
			);
			dependencies = (
			);
			name = NextPATCOTrainWidget;
			productName = NextPATCOTrainWidget;
			productReference = 1A0000272C6D100100000001 /* NextPATCOTrainWidget.appex */;
			productType = "com.apple.product-type.app-extension";
		};
/* End PBXNativeTarget section */

/* Begin PBXProject section */
		1A0000162C6D100100000001 /* Project object */ = {
			isa = PBXProject;
			attributes = {
				BuildIndependentTargetsInParallel = 1;
				LastSwiftUpdateCheck = 2600;
				LastUpgradeCheck = 2660;
				TargetAttributes = {
					1A0000122C6D100100000001 = {
						CreatedOnToolsVersion = 26.0;
					};
					1A0000292C6D100100000001 = {
						CreatedOnToolsVersion = 26.0;
					};
				};
			};
			buildConfigurationList = 1A0000172C6D100100000001 /* Build configuration list for PBXProject "NextPATCOTrain" */;
			compatibilityVersion = "Xcode 15.0";
			developmentRegion = en;
			hasScannedForEncodings = 0;
			knownRegions = (
				en,
				Base,
			);
			mainGroup = 1A00000F2C6D100100000001;
			packageReferences = (
				1A0000442C6D100100000001 /* XCRemoteSwiftPackageReference "ZIPFoundation" */,
			);
			productRefGroup = 1A0000112C6D100100000001 /* Products */;
			projectDirPath = "";
			projectRoot = "";
			targets = (
				1A0000122C6D100100000001 /* NextPATCOTrain */,
				1A0000292C6D100100000001 /* NextPATCOTrainWidget */,
			);
		};
/* End PBXProject section */

/* Begin PBXResourcesBuildPhase section */
		1A0000152C6D100100000001 /* Resources */ = {
			isa = PBXResourcesBuildPhase;
			buildActionMask = 2147483647;
			files = (
				1A0000092C6D100100000001 /* Assets.xcassets in Resources */,
				1A00000B2C6D100100000001 /* Resources/patco_schedule.json in Resources */,
			);
			runOnlyForDeploymentPostprocessing = 0;
		};
		1A0000312C6D100100000001 /* Resources */ = {
			isa = PBXResourcesBuildPhase;
			buildActionMask = 2147483647;
			files = (
				1A0000232C6D100100000001 /* Assets.xcassets in Resources */,
				1A0000252C6D100100000001 /* Resources/patco_schedule.json in Resources */,
			);
			runOnlyForDeploymentPostprocessing = 0;
		};
/* End PBXResourcesBuildPhase section */

/* Begin PBXSourcesBuildPhase section */
		1A0000142C6D100100000001 /* Sources */ = {
			isa = PBXSourcesBuildPhase;
			buildActionMask = 2147483647;
			files = (
				1A0000012C6D100100000001 /* NextPATCOTrainApp.swift in Sources */,
				1A0000032C6D100100000001 /* ContentView.swift in Sources */,
				1A0000052C6D100100000001 /* PATCOModels.swift in Sources */,
				1A0000072C6D100100000001 /* LocationProvider.swift in Sources */,
				1A00001C2C6D100100000001 /* PATCOAlertProvider.swift in Sources */,
				1A0000352C6D100100000001 /* PATCOSpecialScheduleProvider.swift in Sources */,
				1A0000372C6D100100000001 /* PATCOTripActivityAttributes.swift in Sources */,
				1A00003A2C6D100100000001 /* PATCOAppIntents.swift in Sources */,
				1A0000402C6D100100000001 /* PATCOGTFSUpdateService.swift in Sources */,
			);
			runOnlyForDeploymentPostprocessing = 0;
		};
		1A0000302C6D100100000001 /* Sources */ = {
			isa = PBXSourcesBuildPhase;
			buildActionMask = 2147483647;
			files = (
				1A0000202C6D100100000001 /* NextPATCOTrainWidget.swift in Sources */,
				1A0000222C6D100100000001 /* PATCOModels.swift in Sources */,
				1A0000362C6D100100000001 /* PATCOSpecialScheduleProvider.swift in Sources */,
				1A0000382C6D100100000001 /* PATCOTripActivityAttributes.swift in Sources */,
			);
			runOnlyForDeploymentPostprocessing = 0;
		};
/* End PBXSourcesBuildPhase section */

/* Begin PBXTargetDependency section */
		1A00002E2C6D100100000001 /* PBXTargetDependency */ = {
			isa = PBXTargetDependency;
			target = 1A0000292C6D100100000001 /* NextPATCOTrainWidget */;
			targetProxy = 1A0000282C6D100100000001 /* PBXContainerItemProxy */;
		};
/* End PBXTargetDependency section */

/* Begin XCBuildConfiguration section */
		1A0000182C6D100100000001 /* Debug */ = {
			isa = XCBuildConfiguration;
			buildSettings = {
				ALWAYS_SEARCH_USER_PATHS = NO;
				ASSETCATALOG_COMPILER_GENERATE_ASSET_SYMBOL_EXTENSIONS = YES;
				ASSETCATALOG_COMPILER_GENERATE_SWIFT_ASSET_SYMBOL_EXTENSIONS = YES;
				CLANG_ANALYZER_NONNULL = YES;
				CLANG_ANALYZER_NUMBER_OBJECT_CONVERSION = YES_AGGRESSIVE;
				CLANG_CXX_LANGUAGE_STANDARD = "gnu++20";
				CLANG_ENABLE_MODULES = YES;
				CLANG_ENABLE_OBJC_ARC = YES;
				CLANG_ENABLE_OBJC_WEAK = YES;
				CLANG_WARN_BLOCK_CAPTURE_AUTORELEASING = YES;
				CLANG_WARN_BOOL_CONVERSION = YES;
				CLANG_WARN_COMMA = YES;
				CLANG_WARN_CONSTANT_CONVERSION = YES;
				CLANG_WARN_DEPRECATED_OBJC_IMPLEMENTATIONS = YES;
				CLANG_WARN_DIRECT_OBJC_ISA_USAGE = YES_ERROR;
				CLANG_WARN_DOCUMENTATION_COMMENTS = YES;
				CLANG_WARN_EMPTY_BODY = YES;
				CLANG_WARN_ENUM_CONVERSION = YES;
				CLANG_WARN_INFINITE_RECURSION = YES;
				CLANG_WARN_INT_CONVERSION = YES;
				CLANG_WARN_NON_LITERAL_NULL_CONVERSION = YES;
				CLANG_WARN_OBJC_IMPLICIT_RETAIN_SELF = YES;
				CLANG_WARN_OBJC_LITERAL_CONVERSION = YES;
				CLANG_WARN_OBJC_ROOT_CLASS = YES_ERROR;
				CLANG_WARN_QUOTED_INCLUDE_IN_FRAMEWORK_HEADER = YES;
				CLANG_WARN_RANGE_LOOP_ANALYSIS = YES;
				CLANG_WARN_STRICT_PROTOTYPES = YES;
				CLANG_WARN_SUSPICIOUS_MOVE = YES;
				CLANG_WARN_UNGUARDED_AVAILABILITY = YES_AGGRESSIVE;
				CLANG_WARN_UNREACHABLE_CODE = YES;
				CLANG_WARN__DUPLICATE_METHOD_MATCH = YES;
				COPY_PHASE_STRIP = NO;
				DEBUG_INFORMATION_FORMAT = dwarf;
				DEVELOPMENT_TEAM = 7FQL759JRD;
				ENABLE_STRICT_OBJC_MSGSEND = YES;
				ENABLE_TESTABILITY = YES;
				ENABLE_USER_SCRIPT_SANDBOXING = YES;
				GCC_C_LANGUAGE_STANDARD = gnu17;
				GCC_DYNAMIC_NO_PIC = NO;
				GCC_NO_COMMON_BLOCKS = YES;
				GCC_OPTIMIZATION_LEVEL = 0;
				GCC_PREPROCESSOR_DEFINITIONS = (
					"DEBUG=1",
					"$(inherited)",
				);
				GCC_WARN_64_TO_32_BIT_CONVERSION = YES;
				GCC_WARN_ABOUT_RETURN_TYPE = YES_ERROR;
				GCC_WARN_UNDECLARED_SELECTOR = YES;
				GCC_WARN_UNINITIALIZED_AUTOS = YES_AGGRESSIVE;
				GCC_WARN_UNUSED_FUNCTION = YES;
				GCC_WARN_UNUSED_VARIABLE = YES;
				IPHONEOS_DEPLOYMENT_TARGET = 17.0;
				MTL_ENABLE_DEBUG_INFO = INCLUDE_SOURCE;
				MTL_FAST_MATH = YES;
				ONLY_ACTIVE_ARCH = YES;
				SDKROOT = iphoneos;
				STRING_CATALOG_GENERATE_SYMBOLS = YES;
				SWIFT_ACTIVE_COMPILATION_CONDITIONS = DEBUG;
				SWIFT_OPTIMIZATION_LEVEL = "-Onone";
			};
			name = Debug;
		};
		1A0000192C6D100100000001 /* Release */ = {
			isa = XCBuildConfiguration;
			buildSettings = {
				ALWAYS_SEARCH_USER_PATHS = NO;
				ASSETCATALOG_COMPILER_GENERATE_ASSET_SYMBOL_EXTENSIONS = YES;
				ASSETCATALOG_COMPILER_GENERATE_SWIFT_ASSET_SYMBOL_EXTENSIONS = YES;
				CLANG_ANALYZER_NONNULL = YES;
				CLANG_ANALYZER_NUMBER_OBJECT_CONVERSION = YES_AGGRESSIVE;
				CLANG_CXX_LANGUAGE_STANDARD = "gnu++20";
				CLANG_ENABLE_MODULES = YES;
				CLANG_ENABLE_OBJC_ARC = YES;
				CLANG_ENABLE_OBJC_WEAK = YES;
				CLANG_WARN_BLOCK_CAPTURE_AUTORELEASING = YES;
				CLANG_WARN_BOOL_CONVERSION = YES;
				CLANG_WARN_COMMA = YES;
				CLANG_WARN_CONSTANT_CONVERSION = YES;
				CLANG_WARN_DEPRECATED_OBJC_IMPLEMENTATIONS = YES;
				CLANG_WARN_DIRECT_OBJC_ISA_USAGE = YES_ERROR;
				CLANG_WARN_DOCUMENTATION_COMMENTS = YES;
				CLANG_WARN_EMPTY_BODY = YES;
				CLANG_WARN_ENUM_CONVERSION = YES;
				CLANG_WARN_INFINITE_RECURSION = YES;
				CLANG_WARN_INT_CONVERSION = YES;
				CLANG_WARN_NON_LITERAL_NULL_CONVERSION = YES;
				CLANG_WARN_OBJC_IMPLICIT_RETAIN_SELF = YES;
				CLANG_WARN_OBJC_LITERAL_CONVERSION = YES;
				CLANG_WARN_OBJC_ROOT_CLASS = YES_ERROR;
				CLANG_WARN_QUOTED_INCLUDE_IN_FRAMEWORK_HEADER = YES;
				CLANG_WARN_RANGE_LOOP_ANALYSIS = YES;
				CLANG_WARN_STRICT_PROTOTYPES = YES;
				CLANG_WARN_SUSPICIOUS_MOVE = YES;
				CLANG_WARN_UNGUARDED_AVAILABILITY = YES_AGGRESSIVE;
				CLANG_WARN_UNREACHABLE_CODE = YES;
				CLANG_WARN__DUPLICATE_METHOD_MATCH = YES;
				COPY_PHASE_STRIP = NO;
				DEBUG_INFORMATION_FORMAT = "dwarf-with-dsym";
				DEVELOPMENT_TEAM = 7FQL759JRD;
				ENABLE_NS_ASSERTIONS = NO;
				ENABLE_STRICT_OBJC_MSGSEND = YES;
				ENABLE_USER_SCRIPT_SANDBOXING = YES;
				GCC_C_LANGUAGE_STANDARD = gnu17;
				GCC_NO_COMMON_BLOCKS = YES;
				GCC_WARN_64_TO_32_BIT_CONVERSION = YES;
				GCC_WARN_ABOUT_RETURN_TYPE = YES_ERROR;
				GCC_WARN_UNDECLARED_SELECTOR = YES;
				GCC_WARN_UNINITIALIZED_AUTOS = YES_AGGRESSIVE;
				GCC_WARN_UNUSED_FUNCTION = YES;
				GCC_WARN_UNUSED_VARIABLE = YES;
				IPHONEOS_DEPLOYMENT_TARGET = 17.0;
				MTL_ENABLE_DEBUG_INFO = NO;
				MTL_FAST_MATH = YES;
				SDKROOT = iphoneos;
				STRING_CATALOG_GENERATE_SYMBOLS = YES;
				SWIFT_COMPILATION_MODE = wholemodule;
				VALIDATE_PRODUCT = YES;
			};
			name = Release;
		};
		1A00001A2C6D100100000001 /* Debug */ = {
			isa = XCBuildConfiguration;
			buildSettings = {
				ASSETCATALOG_COMPILER_APPICON_NAME = AppIcon;
				CODE_SIGN_ENTITLEMENTS = NextPATCOTrain/NextPATCOTrain.entitlements;
				CODE_SIGN_STYLE = Automatic;
				CURRENT_PROJECT_VERSION = 3;
				DEVELOPMENT_ASSET_PATHS = "";
				ENABLE_PREVIEWS = YES;
				GENERATE_INFOPLIST_FILE = NO;
				INFOPLIST_FILE = NextPATCOTrain/Info.plist;
				INFOPLIST_KEY_LSApplicationCategoryType = "public.app-category.travel";
				MARKETING_VERSION = 1.2.0;
				PRODUCT_BUNDLE_IDENTIFIER = com.rhome.patconext;
				PRODUCT_NAME = "$(TARGET_NAME)";
				SUPPORTED_PLATFORMS = "iphoneos iphonesimulator";
				SUPPORTS_MACCATALYST = NO;
				SUPPORTS_MAC_DESIGNED_FOR_IPHONE_IPAD = NO;
				SUPPORTS_XR_DESIGNED_FOR_IPHONE_IPAD = NO;
				SWIFT_EMIT_LOC_STRINGS = YES;
				SWIFT_VERSION = 6.0;
				TARGETED_DEVICE_FAMILY = 1;
			};
			name = Debug;
		};
		1A00001B2C6D100100000001 /* Release */ = {
			isa = XCBuildConfiguration;
			buildSettings = {
				ASSETCATALOG_COMPILER_APPICON_NAME = AppIcon;
				CODE_SIGN_ENTITLEMENTS = NextPATCOTrain/NextPATCOTrain.entitlements;
				CODE_SIGN_STYLE = Automatic;
				CURRENT_PROJECT_VERSION = 3;
				DEVELOPMENT_ASSET_PATHS = "";
				ENABLE_PREVIEWS = YES;
				GENERATE_INFOPLIST_FILE = NO;
				INFOPLIST_FILE = NextPATCOTrain/Info.plist;
				INFOPLIST_KEY_LSApplicationCategoryType = "public.app-category.travel";
				MARKETING_VERSION = 1.2.0;
				PRODUCT_BUNDLE_IDENTIFIER = com.rhome.patconext;
				PRODUCT_NAME = "$(TARGET_NAME)";
				SUPPORTED_PLATFORMS = "iphoneos iphonesimulator";
				SUPPORTS_MACCATALYST = NO;
				SUPPORTS_MAC_DESIGNED_FOR_IPHONE_IPAD = NO;
				SUPPORTS_XR_DESIGNED_FOR_IPHONE_IPAD = NO;
				SWIFT_EMIT_LOC_STRINGS = YES;
				SWIFT_VERSION = 6.0;
				TARGETED_DEVICE_FAMILY = 1;
			};
			name = Release;
		};
		1A0000322C6D100100000001 /* Debug */ = {
			isa = XCBuildConfiguration;
			buildSettings = {
				APPLICATION_EXTENSION_API_ONLY = YES;
				CODE_SIGN_ENTITLEMENTS = NextPATCOTrainWidget/NextPATCOTrainWidget.entitlements;
				CODE_SIGN_STYLE = Automatic;
				CURRENT_PROJECT_VERSION = 3;
				GENERATE_INFOPLIST_FILE = NO;
				INFOPLIST_FILE = NextPATCOTrainWidget/Info.plist;
				IPHONEOS_DEPLOYMENT_TARGET = 17.0;
				MARKETING_VERSION = 1.2.0;
				PRODUCT_BUNDLE_IDENTIFIER = com.rhome.patconext.widget;
				PRODUCT_NAME = "$(TARGET_NAME)";
				SKIP_INSTALL = YES;
				SWIFT_EMIT_LOC_STRINGS = YES;
				SWIFT_VERSION = 6.0;
				TARGETED_DEVICE_FAMILY = 1;
			};
			name = Debug;
		};
		1A0000332C6D100100000001 /* Release */ = {
			isa = XCBuildConfiguration;
			buildSettings = {
				APPLICATION_EXTENSION_API_ONLY = YES;
				CODE_SIGN_ENTITLEMENTS = NextPATCOTrainWidget/NextPATCOTrainWidget.entitlements;
				CODE_SIGN_STYLE = Automatic;
				CURRENT_PROJECT_VERSION = 3;
				GENERATE_INFOPLIST_FILE = NO;
				INFOPLIST_FILE = NextPATCOTrainWidget/Info.plist;
				IPHONEOS_DEPLOYMENT_TARGET = 17.0;
				MARKETING_VERSION = 1.2.0;
				PRODUCT_BUNDLE_IDENTIFIER = com.rhome.patconext.widget;
				PRODUCT_NAME = "$(TARGET_NAME)";
				SKIP_INSTALL = YES;
				SWIFT_EMIT_LOC_STRINGS = YES;
				SWIFT_VERSION = 6.0;
				TARGETED_DEVICE_FAMILY = 1;
			};
			name = Release;
		};
/* End XCBuildConfiguration section */

/* Begin XCConfigurationList section */
		1A0000132C6D100100000001 /* Build configuration list for PBXNativeTarget "NextPATCOTrain" */ = {
			isa = XCConfigurationList;
			buildConfigurations = (
				1A00001A2C6D100100000001 /* Debug */,
				1A00001B2C6D100100000001 /* Release */,
			);
			defaultConfigurationIsVisible = 0;
			defaultConfigurationName = Release;
		};
		1A0000172C6D100100000001 /* Build configuration list for PBXProject "NextPATCOTrain" */ = {
			isa = XCConfigurationList;
			buildConfigurations = (
				1A0000182C6D100100000001 /* Debug */,
				1A0000192C6D100100000001 /* Release */,
			);
			defaultConfigurationIsVisible = 0;
			defaultConfigurationName = Release;
		};
		1A00002F2C6D100100000001 /* Build configuration list for PBXNativeTarget "NextPATCOTrainWidget" */ = {
			isa = XCConfigurationList;
			buildConfigurations = (
				1A0000322C6D100100000001 /* Debug */,
				1A0000332C6D100100000001 /* Release */,
			);
			defaultConfigurationIsVisible = 0;
			defaultConfigurationName = Release;
		};
/* End XCConfigurationList section */

/* Begin XCRemoteSwiftPackageReference section */
		1A0000442C6D100100000001 /* XCRemoteSwiftPackageReference "ZIPFoundation" */ = {
			isa = XCRemoteSwiftPackageReference;
			repositoryURL = "https://github.com/weichsel/ZIPFoundation.git";
			requirement = {
				kind = upToNextMajorVersion;
				minimumVersion = 0.9.19;
			};
		};
/* End XCRemoteSwiftPackageReference section */

/* Begin XCSwiftPackageProductDependency section */
		1A0000432C6D100100000001 /* ZIPFoundation */ = {
			isa = XCSwiftPackageProductDependency;
			package = 1A0000442C6D100100000001 /* XCRemoteSwiftPackageReference "ZIPFoundation" */;
			productName = ZIPFoundation;
		};
/* End XCSwiftPackageProductDependency section */
	};
	rootObject = 1A0000162C6D100100000001 /* Project object */;
}
